
Microsoft Visual Studio Solution File, Format Version 12.00
# Visual Studio 2012
Project("{FAE04EC0-301F-11D3-BF4B-00C04F79EFBC}") = "PocketAPIDemo", "PocketAPIDemo\PocketAPIDemo.csproj", "{DC6ED915-31A2-45BF-ABD5-9DDAF39EDEC0}"
EndProject
Project("{FAE04EC0-301F-11D3-BF4B-00C04F79EFBC}") = "PocketAPI", "PocketAPI\PocketAPI.csproj", "{0AABD3C7-3B9F-4E8C-BD55-C8DC1D9B193A}"
EndProject
Global
	GlobalSection(SolutionConfigurationPlatforms) = preSolution
		Debug|Any CPU = Debug|Any CPU
		Release|Any CPU = Release|Any CPU
	EndGlobalSection
	GlobalSection(ProjectConfigurationPlatforms) = postSolution
		{DC6ED915-31A2-45BF-ABD5-9DDAF39EDEC0}.Debug|Any CPU.ActiveCfg = Debug|Any CPU
		{DC6ED915-31A2-45BF-ABD5-9DDAF39EDEC0}.Debug|Any CPU.Build.0 = Debug|Any CPU
		{DC6ED915-31A2-45BF-ABD5-9DDAF39EDEC0}.Release|Any CPU.ActiveCfg = Release|Any CPU
		{DC6ED915-31A2-45BF-ABD5-9DDAF39EDEC0}.Release|Any CPU.Build.0 = Release|Any CPU
		{0AABD3C7-3B9F-4E8C-BD55-C8DC1D9B193A}.Debug|Any CPU.ActiveCfg = Debug|Any CPU
		{0AABD3C7-3B9F-4E8C-BD55-C8DC1D9B193A}.Debug|Any CPU.Build.0 = Debug|Any CPU
		{0AABD3C7-3B9F-4E8C-BD55-C8DC1D9B193A}.Release|Any CPU.ActiveCfg = Release|Any CPU
		{0AABD3C7-3B9F-4E8C-BD55-C8DC1D9B193A}.Release|Any CPU.Build.0 = Release|Any CPU
	EndGlobalSection
	GlobalSection(SolutionProperties) = preSolution
		HideSolutionNode = FALSE
	EndGlobalSection
EndGlobal
